// !$*UTF8*$!
{
	archiveVersion = 1;
	classes = {
	};
	objectVersion = 50;
	objects = {

/* Begin PBXBuildFile section */
		5A6C8C75228735C000538B0C /* AppDelegate.swift in Sources */ = {isa = PBXBuildFile; fileRef = 5A6C8C74228735C000538B0C /* AppDelegate.swift */; };
		5A6C8C77228735C000538B0C /* CanvasViewController.swift in Sources */ = {isa = PBXBuildFile; fileRef = 5A6C8C76228735C000538B0C /* CanvasViewController.swift */; };
		5A6C8C7C228735C100538B0C /* Assets.xcassets in Resources */ = {isa = PBXBuildFile; fileRef = 5A6C8C7B228735C100538B0C /* Assets.xcassets */; };
		5A6C8C7F228735C100538B0C /* LaunchScreen.storyboard in Resources */ = {isa = PBXBuildFile; fileRef = 5A6C8C7D228735C100538B0C /* LaunchScreen.storyboard */; };
		5A9103242288A86E00C1A27F /* Simple.swift in Sources */ = {isa = PBXBuildFile; fileRef = 5A9103232288A86E00C1A27F /* Simple.swift */; };
		5AD4063F22873EF90007493D /* CanvasView.swift in Sources */ = {isa = PBXBuildFile; fileRef = 5AD4063E22873EF90007493D /* CanvasView.swift */; };
		5AD40642228775D10007493D /* Player.swift in Sources */ = {isa = PBXBuildFile; fileRef = 5AD40641228775D10007493D /* Player.swift */; };
		5AD40644228775E80007493D /* Ray.swift in Sources */ = {isa = PBXBuildFile; fileRef = 5AD40643228775E80007493D /* Ray.swift */; };
		5AD406462287762F0007493D /* Line.swift in Sources */ = {isa = PBXBuildFile; fileRef = 5AD406452287762F0007493D /* Line.swift */; };
		5AD4064D228782F60007493D /* FirstPersonView.swift in Sources */ = {isa = PBXBuildFile; fileRef = 5AD4064C228782F60007493D /* FirstPersonView.swift */; };
		5AD4064F2287A97F0007493D /* World.swift in Sources */ = {isa = PBXBuildFile; fileRef = 5AD4064E2287A97F0007493D /* World.swift */; };
/* End PBXBuildFile section */

/* Begin PBXFileReference section */
		5A6C8C71228735C000538B0C /* RayCast2D.app */ = {isa = PBXFileReference; explicitFileType = wrapper.application; includeInIndex = 0; path = RayCast2D.app; sourceTree = BUILT_PRODUCTS_DIR; };
		5A6C8C74228735C000538B0C /* AppDelegate.swift */ = {isa = PBXFileReference; lastKnownFileType = sourcecode.swift; path = AppDelegate.swift; sourceTree = "<group>"; };
		5A6C8C76228735C000538B0C /* CanvasViewController.swift */ = {isa = PBXFileReference; lastKnownFileType = sourcecode.swift; path = CanvasViewController.swift; sourceTree = "<group>"; };
		5A6C8C7B228735C100538B0C /* Assets.xcassets */ = {isa = PBXFileReference; lastKnownFileType = folder.assetcatalog; path = Assets.xcassets; sourceTree = "<group>"; };
		5A6C8C7E228735C100538B0C /* Base */ = {isa = PBXFileReference; lastKnownFileType = file.storyboard; name = Base; path = Base.lproj/LaunchScreen.storyboard; sourceTree = "<group>"; };
		5A6C8C80228735C100538B0C /* Info.plist */ = {isa = PBXFileReference; lastKnownFileType = text.plist.xml; path = Info.plist; sourceTree = "<group>"; };
		5A9103232288A86E00C1A27F /* Simple.swift */ = {isa = PBXFileReference; lastKnownFileType = sourcecode.swift; path = Simple.swift; sourceTree = "<group>"; };
		5AD4063E22873EF90007493D /* CanvasView.swift */ = {isa = PBXFileReference; lastKnownFileType = sourcecode.swift; path = CanvasView.swift; sourceTree = "<group>"; };
		5AD40641228775D10007493D /* Player.swift */ = {isa = PBXFileReference; lastKnownFileType = sourcecode.swift; path = Player.swift; sourceTree = "<group>"; };
		5AD40643228775E80007493D /* Ray.swift */ = {isa = PBXFileReference; lastKnownFileType = sourcecode.swift; path = Ray.swift; sourceTree = "<group>"; };
		5AD406452287762F0007493D /* Line.swift */ = {isa = PBXFileReference; lastKnownFileType = sourcecode.swift; path = Line.swift; sourceTree = "<group>"; };
		5AD4064C228782F60007493D /* FirstPersonView.swift */ = {isa = PBXFileReference; lastKnownFileType = sourcecode.swift; path = FirstPersonView.swift; sourceTree = "<group>"; };
		5AD4064E2287A97F0007493D /* World.swift */ = {isa = PBXFileReference; lastKnownFileType = sourcecode.swift; path = World.swift; sourceTree = "<group>"; };
/* End PBXFileReference section */

/* Begin PBXFrameworksBuildPhase section */
		5A6C8C6E228735C000538B0C /* Frameworks */ = {
			isa = PBXFrameworksBuildPhase;
			buildActionMask = 2147483647;
			files = (
			);
			runOnlyForDeploymentPostprocessing = 0;
		};
/* End PBXFrameworksBuildPhase section */

/* Begin PBXGroup section */
		5A6C8C68228735C000538B0C = {
			isa = PBXGroup;
			children = (
				5A6C8C73228735C000538B0C /* RayCast2D */,
				5A6C8C72228735C000538B0C /* Products */,
			);
			sourceTree = "<group>";
		};
		5A6C8C72228735C000538B0C /* Products */ = {
			isa = PBXGroup;
			children = (
				5A6C8C71228735C000538B0C /* RayCast2D.app */,
			);
			name = Products;
			sourceTree = "<group>";
		};
		5A6C8C73228735C000538B0C /* RayCast2D */ = {
			isa = PBXGroup;
			children = (
				5A9103222288A83100C1A27F /* maps */,
				5AD40647228778590007493D /* canvas */,
				5AD406402287752F0007493D /* primatives */,
				5A6C8C74228735C000538B0C /* AppDelegate.swift */,
				5A6C8C7B228735C100538B0C /* Assets.xcassets */,
				5A6C8C7D228735C100538B0C /* LaunchScreen.storyboard */,
				5A6C8C80228735C100538B0C /* Info.plist */,
				5AD4064C228782F60007493D /* FirstPersonView.swift */,
				5AD4064E2287A97F0007493D /* World.swift */,
			);
			path = RayCast2D;
			sourceTree = "<group>";
		};
		5A9103222288A83100C1A27F /* maps */ = {
			isa = PBXGroup;
			children = (
				5A9103232288A86E00C1A27F /* Simple.swift */,
			);
			path = maps;
			sourceTree = "<group>";
		};
		5AD406402287752F0007493D /* primatives */ = {
			isa = PBXGroup;
			children = (
				5AD40641228775D10007493D /* Player.swift */,
				5AD40643228775E80007493D /* Ray.swift */,
				5AD406452287762F0007493D /* Line.swift */,
			);
			path = primatives;
			sourceTree = "<group>";
		};
		5AD40647228778590007493D /* canvas */ = {
			isa = PBXGroup;
			children = (
				5A6C8C76228735C000538B0C /* CanvasViewController.swift */,
				5AD4063E22873EF90007493D /* CanvasView.swift */,
			);
			path = canvas;
			sourceTree = "<group>";
		};
/* End PBXGroup section */

/* Begin PBXNativeTarget section */
		5A6C8C70228735C000538B0C /* RayCast2D */ = {
			isa = PBXNativeTarget;
			buildConfigurationList = 5A6C8C83228735C100538B0C /* Build configuration list for PBXNativeTarget "RayCast2D" */;
			buildPhases = (
				5A6C8C6D228735C000538B0C /* Sources */,
				5A6C8C6E228735C000538B0C /* Frameworks */,
				5A6C8C6F228735C000538B0C /* Resources */,
			);
			buildRules = (
			);
			dependencies = (
			);
			name = RayCast2D;
			productName = RayCast2D;
			productReference = 5A6C8C71228735C000538B0C /* RayCast2D.app */;
			productType = "com.apple.product-type.application";
		};
/* End PBXNativeTarget section */

/* Begin PBXProject section */
		5A6C8C69228735C000538B0C /* Project object */ = {
			isa = PBXProject;
			attributes = {
				LastSwiftUpdateCheck = 1020;
				LastUpgradeCheck = 1020;
				ORGANIZATIONNAME = "Christopher Paterson";
				TargetAttributes = {
					5A6C8C70228735C000538B0C = {
						CreatedOnToolsVersion = 10.2.1;
					};
				};
			};
			buildConfigurationList = 5A6C8C6C228735C000538B0C /* Build configuration list for PBXProject "RayCast2D" */;
			compatibilityVersion = "Xcode 9.3";
			developmentRegion = en;
			hasScannedForEncodings = 0;
			knownRegions = (
				en,
				Base,
			);
			mainGroup = 5A6C8C68228735C000538B0C;
			productRefGroup = 5A6C8C72228735C000538B0C /* Products */;
			projectDirPath = "";
			projectRoot = "";
			targets = (
				5A6C8C70228735C000538B0C /* RayCast2D */,
			);
		};
/* End PBXProject section */

/* Begin PBXResourcesBuildPhase section */
		5A6C8C6F228735C000538B0C /* Resources */ = {
			isa = PBXResourcesBuildPhase;
			buildActionMask = 2147483647;
			files = (
				5A6C8C7F228735C100538B0C /* LaunchScreen.storyboard in Resources */,
				5A6C8C7C228735C100538B0C /* Assets.xcassets in Resources */,
			);
			runOnlyForDeploymentPostprocessing = 0;
		};
/* End PBXResourcesBuildPhase section */

/* Begin PBXSourcesBuildPhase section */
		5A6C8C6D228735C000538B0C /* Sources */ = {
			isa = PBXSourcesBuildPhase;
			buildActionMask = 2147483647;
			files = (
				5AD40642228775D10007493D /* Player.swift in Sources */,
				5A6C8C77228735C000538B0C /* CanvasViewController.swift in Sources */,
				5A9103242288A86E00C1A27F /* Simple.swift in Sources */,
				5A6C8C75228735C000538B0C /* AppDelegate.swift in Sources */,
				5AD4064D228782F60007493D /* FirstPersonView.swift in Sources */,
				5AD406462287762F0007493D /* Line.swift in Sources */,
				5AD4063F22873EF90007493D /* CanvasView.swift in Sources */,
				5AD4064F2287A97F0007493D /* World.swift in Sources */,
				5AD40644228775E80007493D /* Ray.swift in Sources */,
			);
			runOnlyForDeploymentPostprocessing = 0;
		};
/* End PBXSourcesBuildPhase section */

/* Begin PBXVariantGroup section */
		5A6C8C7D228735C100538B0C /* LaunchScreen.storyboard */ = {
			isa = PBXVariantGroup;
			children = (
				5A6C8C7E228735C100538B0C /* Base */,
			);
			name = LaunchScreen.storyboard;
			sourceTree = "<group>";
		};
/* End PBXVariantGroup section */

/* Begin XCBuildConfiguration section */
		5A6C8C81228735C100538B0C /* Debug */ = {
			isa = XCBuildConfiguration;
			buildSettings = {
				ALWAYS_SEARCH_USER_PATHS = NO;
				CLANG_ANALYZER_NONNULL = YES;
				CLANG_ANALYZER_NUMBER_OBJECT_CONVERSION = YES_AGGRESSIVE;
				CLANG_CXX_LANGUAGE_STANDARD = "gnu++14";
				CLANG_CXX_LIBRARY = "libc++";
				CLANG_ENABLE_MODULES = YES;
				CLANG_ENABLE_OBJC_ARC = YES;
				CLANG_ENABLE_OBJC_WEAK = YES;
				CLANG_WARN_BLOCK_CAPTURE_AUTORELEASING = YES;
				CLANG_WARN_BOOL_CONVERSION = YES;
				CLANG_WARN_COMMA = YES;
				CLANG_WARN_CONSTANT_CONVERSION = YES;
				CLANG_WARN_DEPRECATED_OBJC_IMPLEMENTATIONS = YES;
				CLANG_WARN_DIRECT_OBJC_ISA_USAGE = YES_ERROR;
				CLANG_WARN_DOCUMENTATION_COMMENTS = YES;
				CLANG_WARN_EMPTY_BODY = YES;
				CLANG_WARN_ENUM_CONVERSION = YES;
				CLANG_WARN_INFINITE_RECURSION = YES;
				CLANG_WARN_INT_CONVERSION = YES;
				CLANG_WARN_NON_LITERAL_NULL_CONVERSION = YES;
				CLANG_WARN_OBJC_IMPLICIT_RETAIN_SELF = YES;
				CLANG_WARN_OBJC_LITERAL_CONVERSION = YES;
				CLANG_WARN_OBJC_ROOT_CLASS = YES_ERROR;
				CLANG_WARN_RANGE_LOOP_ANALYSIS = YES;
				CLANG_WARN_STRICT_PROTOTYPES = YES;
				CLANG_WARN_SUSPICIOUS_MOVE = YES;
				CLANG_WARN_UNGUARDED_AVAILABILITY = YES_AGGRESSIVE;
				CLANG_WARN_UNREACHABLE_CODE = YES;
				CLANG_WARN__DUPLICATE_METHOD_MATCH = YES;
				CODE_SIGN_IDENTITY = "iPhone Developer";
				COPY_PHASE_STRIP = NO;
				DEBUG_INFORMATION_FORMAT = dwarf;
				ENABLE_STRICT_OBJC_MSGSEND = YES;
				ENABLE_TESTABILITY = YES;
				GCC_C_LANGUAGE_STANDARD = gnu11;
				GCC_DYNAMIC_NO_PIC = NO;
				GCC_NO_COMMON_BLOCKS = YES;
				GCC_OPTIMIZATION_LEVEL = 0;
				GCC_PREPROCESSOR_DEFINITIONS = (
					"DEBUG=1",
					"$(inherited)",
				);
				GCC_WARN_64_TO_32_BIT_CONVERSION = YES;
				GCC_WARN_ABOUT_RETURN_TYPE = YES_ERROR;
				GCC_WARN_UNDECLARED_SELECTOR = YES;
				GCC_WARN_UNINITIALIZED_AUTOS = YES_AGGRESSIVE;
				GCC_WARN_UNUSED_FUNCTION = YES;
				GCC_WARN_UNUSED_VARIABLE = YES;
				IPHONEOS_DEPLOYMENT_TARGET = 12.2;
				MTL_ENABLE_DEBUG_INFO = INCLUDE_SOURCE;
				MTL_FAST_MATH = YES;
				ONLY_ACTIVE_ARCH = YES;
				SDKROOT = iphoneos;
				SWIFT_ACTIVE_COMPILATION_CONDITIONS = DEBUG;
				SWIFT_OPTIMIZATION_LEVEL = "-Onone";
			};
			name = Debug;
		};
		5A6C8C82228735C100538B0C /* Release */ = {
			isa = XCBuildConfiguration;
			buildSettings = {
				ALWAYS_SEARCH_USER_PATHS = NO;
				CLANG_ANALYZER_NONNULL = YES;
				CLANG_ANALYZER_NUMBER_OBJECT_CONVERSION = YES_AGGRESSIVE;
				CLANG_CXX_LANGUAGE_STANDARD = "gnu++14";
				CLANG_CXX_LIBRARY = "libc++";
				CLANG_ENABLE_MODULES = YES;
				CLANG_ENABLE_OBJC_ARC = YES;
				CLANG_ENABLE_OBJC_WEAK = YES;
				CLANG_WARN_BLOCK_CAPTURE_AUTORELEASING = YES;
				CLANG_WARN_BOOL_CONVERSION = YES;
				CLANG_WARN_COMMA = YES;
				CLANG_WARN_CONSTANT_CONVERSION = YES;
				CLANG_WARN_DEPRECATED_OBJC_IMPLEMENTATIONS = YES;
				CLANG_WARN_DIRECT_OBJC_ISA_USAGE = YES_ERROR;
				CLANG_WARN_DOCUMENTATION_COMMENTS = YES;
				CLANG_WARN_EMPTY_BODY = YES;
				CLANG_WARN_ENUM_CONVERSION = YES;
				CLANG_WARN_INFINITE_RECURSION = YES;
				CLANG_WARN_INT_CONVERSION = YES;
				CLANG_WARN_NON_LITERAL_NULL_CONVERSION = YES;
				CLANG_WARN_OBJC_IMPLICIT_RETAIN_SELF = YES;
				CLANG_WARN_OBJC_LITERAL_CONVERSION = YES;
				CLANG_WARN_OBJC_ROOT_CLASS = YES_ERROR;
				CLANG_WARN_RANGE_LOOP_ANALYSIS = YES;
				CLANG_WARN_STRICT_PROTOTYPES = YES;
				CLANG_WARN_SUSPICIOUS_MOVE = YES;
				CLANG_WARN_UNGUARDED_AVAILABILITY = YES_AGGRESSIVE;
				CLANG_WARN_UNREACHABLE_CODE = YES;
				CLANG_WARN__DUPLICATE_METHOD_MATCH = YES;
				CODE_SIGN_IDENTITY = "iPhone Developer";
				COPY_PHASE_STRIP = NO;
				DEBUG_INFORMATION_FORMAT = "dwarf-with-dsym";
				ENABLE_NS_ASSERTIONS = NO;
				ENABLE_STRICT_OBJC_MSGSEND = YES;
				GCC_C_LANGUAGE_STANDARD = gnu11;
				GCC_NO_COMMON_BLOCKS = YES;
				GCC_WARN_64_TO_32_BIT_CONVERSION = YES;
				GCC_WARN_ABOUT_RETURN_TYPE = YES_ERROR;
				GCC_WARN_UNDECLARED_SELECTOR = YES;
				GCC_WARN_UNINITIALIZED_AUTOS = YES_AGGRESSIVE;
				GCC_WARN_UNUSED_FUNCTION = YES;
				GCC_WARN_UNUSED_VARIABLE = YES;
				IPHONEOS_DEPLOYMENT_TARGET = 12.2;
				MTL_ENABLE_DEBUG_INFO = NO;
				MTL_FAST_MATH = YES;
				SDKROOT = iphoneos;
				SWIFT_COMPILATION_MODE = wholemodule;
				SWIFT_OPTIMIZATION_LEVEL = "-O";
				VALIDATE_PRODUCT = YES;
			};
			name = Release;
		};
		5A6C8C84228735C100538B0C /* Debug */ = {
			isa = XCBuildConfiguration;
			buildSettings = {
				ASSETCATALOG_COMPILER_APPICON_NAME = AppIcon;
				CODE_SIGN_STYLE = Automatic;
				DEVELOPMENT_TEAM = R8W4J98NNX;
				INFOPLIST_FILE = RayCast2D/Info.plist;
				LD_RUNPATH_SEARCH_PATHS = (
					"$(inherited)",
					"@executable_path/Frameworks",
				);
				PRODUCT_BUNDLE_IDENTIFIER = "com.github.chris-paterson.RayCast2D";
				PRODUCT_NAME = "$(TARGET_NAME)";
				SWIFT_VERSION = 5.0;
				TARGETED_DEVICE_FAMILY = "1,2";
			};
			name = Debug;
		};
		5A6C8C85228735C100538B0C /* Release */ = {
			isa = XCBuildConfiguration;
			buildSettings = {
				ASSETCATALOG_COMPILER_APPICON_NAME = AppIcon;
				CODE_SIGN_STYLE = Automatic;
				DEVELOPMENT_TEAM = R8W4J98NNX;
				INFOPLIST_FILE = RayCast2D/Info.plist;
				LD_RUNPATH_SEARCH_PATHS = (
					"$(inherited)",
					"@executable_path/Frameworks",
				);
				PRODUCT_BUNDLE_IDENTIFIER = "com.github.chris-paterson.RayCast2D";
				PRODUCT_NAME = "$(TARGET_NAME)";
				SWIFT_VERSION = 5.0;
				TARGETED_DEVICE_FAMILY = "1,2";
			};
			name = Release;
		};
/* End XCBuildConfiguration section */

/* Begin XCConfigurationList section */
		5A6C8C6C228735C000538B0C /* Build configuration list for PBXProject "RayCast2D" */ = {
			isa = XCConfigurationList;
			buildConfigurations = (
				5A6C8C81228735C100538B0C /* Debug */,
				5A6C8C82228735C100538B0C /* Release */,
			);
			defaultConfigurationIsVisible = 0;
			defaultConfigurationName = Release;
		};
		5A6C8C83228735C100538B0C /* Build configuration list for PBXNativeTarget "RayCast2D" */ = {
			isa = XCConfigurationList;
			buildConfigurations = (
				5A6C8C84228735C100538B0C /* Debug */,
				5A6C8C85228735C100538B0C /* Release */,
			);
			defaultConfigurationIsVisible = 0;
			defaultConfigurationName = Release;
		};
/* End XCConfigurationList section */
	};
	rootObject = 5A6C8C69228735C000538B0C /* Project object */;
}
